
Microsoft Visual Studio Solution File, Format Version 12.00
# Visual Studio Version 17
VisualStudioVersion = 17.9.34701.34
MinimumVisualStudioVersion = 10.0.40219.1
Project("{FAE04EC0-301F-11D3-BF4B-00C04F79EFBC}") = "HelloWorldWinform", "HelloWorldWinform\HelloWorldWinform.csproj", "{C69FD7B2-BA96-4168-8EAC-DEC3F8733E50}"
EndProject
Global
	GlobalSection(SolutionConfigurationPlatforms) = preSolution
		Debug|Any CPU = Debug|Any CPU
		Release|Any CPU = Release|Any CPU
	EndGlobalSection
	GlobalSection(ProjectConfigurationPlatforms) = postSolution
		{C69FD7B2-BA96-4168-8EAC-DEC3F8733E50}.Debug|Any CPU.ActiveCfg = Debug|Any CPU
		{C69FD7B2-BA96-4168-8EAC-DEC3F8733E50}.Debug|Any CPU.Build.0 = Debug|Any CPU
		{C69FD7B2-BA96-4168-8EAC-DEC3F8733E50}.Release|Any CPU.ActiveCfg = Release|Any CPU
		{C69FD7B2-BA96-4168-8EAC-DEC3F8733E50}.Release|Any CPU.Build.0 = Release|Any CPU
	EndGlobalSection
	GlobalSection(SolutionProperties) = preSolution
		HideSolutionNode = FALSE
	EndGlobalSection
	GlobalSection(ExtensibilityGlobals) = postSolution
		SolutionGuid = {36EF6F00-822B-4C0D-93F2-8ECBC8A4E810}
	EndGlobalSection
EndGlobal
